uuid: d3c8ffa6-786a-431e-b9d3-d6538bd72ad3
langcode: en
status: true
dependencies:
  config:
    - block_content.type.page_block
  module:
    - content_translation
third_party_settings:
  content_translation:
    enabled: false
    bundle_settings:
      untranslatable_fields_hide: '0'
id: block_content.page_block
target_entity_type_id: block_content
target_bundle: page_block
default_langcode: site_default
language_alterable: false
